schema: '2.0'
stages:
  calidad_datos:
    cmd: pytest tests/test_calidad_datos.py
    deps:
    - path: data/raw/datos_creditos.csv
      hash: md5
      md5: 3b26edd22e8827f890d7cd32efe475b7
      size: 663047
      isexec: true
    - path: data/raw/datos_tarjetas.csv
      hash: md5
      md5: 9e197c893925601cd447c81256e8cf07
      size: 845190
      isexec: true
    - path: tests/test_calidad_datos.py
      hash: md5
      md5: 113e120677b6cd5bb06f42ffdc5ea374
      size: 3543
  visualizaciones:
    cmd: python src/generar_visualizaciones.py
    deps:
    - path: data/raw/datos_creditos.csv
      hash: md5
      md5: 3b26edd22e8827f890d7cd32efe475b7
      size: 663047
      isexec: true
    - path: data/raw/datos_tarjetas.csv
      hash: md5
      md5: 9e197c893925601cd447c81256e8cf07
      size: 845190
      isexec: true
    - path: src/generar_visualizaciones.py
      hash: md5
      md5: 67a894ac77ea3a9d928b43145ca964d4
      size: 2993
    outs:
    - path: reports/figures
      hash: md5
      md5: 362bf0cf81458d57d7513fc21c022352.dir
      size: 306891
      nfiles: 10
  preparacion_datos:
    cmd: python src/preparar_datos.py
    deps:
    - path: data/raw/datos_creditos.csv
      hash: md5
      md5: 3b26edd22e8827f890d7cd32efe475b7
      size: 663047
      isexec: true
    - path: data/raw/datos_tarjetas.csv
      hash: md5
      md5: 9e197c893925601cd447c81256e8cf07
      size: 845190
      isexec: true
    - path: src/preparar_datos.py
      hash: md5
      md5: 430c3f44318c0b386c77aab8b079620c
      size: 3040
    outs:
    - path: data/processed/datos_modelo.csv
      hash: md5
      md5: ee762e9f90dda990aa00eafabbacb971
      size: 1985194
    - path: reports/preparacion_datos_resumen.txt
      hash: md5
      md5: 5a6a782e015d009e5bc6f8c75b4eeff2
      size: 1081
  entrenamiento_modelo:
    cmd: python src/entrenar_modelo.py
    deps:
    - path: data/processed/datos_modelo.csv
      hash: md5
      md5: ee762e9f90dda990aa00eafabbacb971
      size: 1985194
    - path: src/entrenar_modelo.py
      hash: md5
      md5: 805be4fed6bbd643859a8a224fc49db0
      size: 8520
    outs:
    - path: models/modelo_mora.pkl
      hash: md5
      md5: c463e8204354b50a7e1abde6ab6f6646
      size: 8393
    - path: reports/metricas_modelo.json
      hash: md5
      md5: 61fdaa6b11899a70ca43872e081ab555
      size: 1974
    - path: reports/resultados_experimentacion.csv
      hash: md5
      md5: 87ba7a6dbf0437c75aedab998e96a919
      size: 1179
  validacion_modelo:
    cmd: pytest tests/test_modelo.py
    deps:
    - path: models/modelo_mora.pkl
      hash: md5
      md5: c463e8204354b50a7e1abde6ab6f6646
      size: 8393
    - path: reports/metricas_modelo.json
      hash: md5
      md5: 61fdaa6b11899a70ca43872e081ab555
      size: 1974
    - path: tests/test_modelo.py
      hash: md5
      md5: cce6285ccb56258e779ca3aeea728b25
      size: 1334
